
Microsoft Visual Studio Solution File, Format Version 12.00
# Visual Studio 15
VisualStudioVersion = 15.0.27428.2037
MinimumVisualStudioVersion = 10.0.40219.1
Project("{FAE04EC0-301F-11D3-BF4B-00C04F79EFBC}") = "WPFMidiBand", "WPFMidiBand\WPFMidiBand.csproj", "{2DA38A19-3EFD-41F6-8261-0228EE5FF38A}"
EndProject
Project("{2150E333-8FDC-42A3-9474-1A3956D46DE8}") = "Solution Items", "Solution Items", "{40C960A3-3C2D-4E91-B772-A81013ED3F8A}"
EndProject
Global
	GlobalSection(SolutionConfigurationPlatforms) = preSolution
		Debug|x86 = Debug|x86
		Release|x86 = Release|x86
	EndGlobalSection
	GlobalSection(ProjectConfigurationPlatforms) = postSolution
		{2DA38A19-3EFD-41F6-8261-0228EE5FF38A}.Debug|x86.ActiveCfg = Debug|x86
		{2DA38A19-3EFD-41F6-8261-0228EE5FF38A}.Debug|x86.Build.0 = Debug|x86
		{2DA38A19-3EFD-41F6-8261-0228EE5FF38A}.Release|x86.ActiveCfg = Release|x86
		{2DA38A19-3EFD-41F6-8261-0228EE5FF38A}.Release|x86.Build.0 = Release|x86
	EndGlobalSection
	GlobalSection(SolutionProperties) = preSolution
		HideSolutionNode = FALSE
	EndGlobalSection
	GlobalSection(ExtensibilityGlobals) = postSolution
		SolutionGuid = {716D9D02-7809-409D-B570-15E39D696A8E}
	EndGlobalSection
EndGlobal
